
Microsoft Visual Studio Solution File, Format Version 12.00
# Visual Studio Version 17
VisualStudioVersion = 17.14.36202.13 d17.14
MinimumVisualStudioVersion = 10.0.40219.1
Project("{FAE04EC0-301F-11D3-BF4B-00C04F79EFBC}") = "Azunt.IncidentManagement", "Azunt.IncidentManagement\Azunt.IncidentManagement.csproj", "{1373DEC2-D29E-47CC-A56E-5E9760DB177C}"
EndProject
Global
	GlobalSection(SolutionConfigurationPlatforms) = preSolution
		Debug|Any CPU = Debug|Any CPU
		Release|Any CPU = Release|Any CPU
	EndGlobalSection
	GlobalSection(ProjectConfigurationPlatforms) = postSolution
		{1373DEC2-D29E-47CC-A56E-5E9760DB177C}.Debug|Any CPU.ActiveCfg = Debug|Any CPU
		{1373DEC2-D29E-47CC-A56E-5E9760DB177C}.Debug|Any CPU.Build.0 = Debug|Any CPU
		{1373DEC2-D29E-47CC-A56E-5E9760DB177C}.Release|Any CPU.ActiveCfg = Release|Any CPU
		{1373DEC2-D29E-47CC-A56E-5E9760DB177C}.Release|Any CPU.Build.0 = Release|Any CPU
	EndGlobalSection
	GlobalSection(SolutionProperties) = preSolution
		HideSolutionNode = FALSE
	EndGlobalSection
	GlobalSection(ExtensibilityGlobals) = postSolution
		SolutionGuid = {F3C9D18A-4019-4A4F-9AD7-98EDBA607661}
	EndGlobalSection
EndGlobal
